
Microsoft Visual Studio Solution File, Format Version 12.00
# Visual Studio 2013
VisualStudioVersion = 12.0.30723.0
MinimumVisualStudioVersion = 10.0.40219.1
Project("{FAE04EC0-301F-11D3-BF4B-00C04F79EFBC}") = "Process1", "Process1\Process1.csproj", "{E9209BF5-25A5-48C7-8A15-41CEDE567397}"
EndProject
Project("{FAE04EC0-301F-11D3-BF4B-00C04F79EFBC}") = "Messages", "Messages\Messages.csproj", "{2C562ABB-0FCC-4ACA-B96D-67701261F253}"
EndProject
Project("{FAE04EC0-301F-11D3-BF4B-00C04F79EFBC}") = "Coordinator", "Coordinator\Coordinator.csproj", "{A469E953-E17F-4B35-867D-EB78C67D0E97}"
EndProject
Project("{FAE04EC0-301F-11D3-BF4B-00C04F79EFBC}") = "Process2", "Process2\Process2.csproj", "{005A7C61-DFAC-4166-B31D-9AD815E15F0C}"
EndProject
Project("{FAE04EC0-301F-11D3-BF4B-00C04F79EFBC}") = "Process3", "Process3\Process3.csproj", "{381EAC4E-295B-4D64-9B88-3F8F504DF4BF}"
EndProject
Project("{FAE04EC0-301F-11D3-BF4B-00C04F79EFBC}") = "Process4", "Process4\Process4.csproj", "{315B4270-B79F-4136-BE8C-7B452846EBCD}"
EndProject
Global
	GlobalSection(SolutionConfigurationPlatforms) = preSolution
		Debug|Any CPU = Debug|Any CPU
		Release|Any CPU = Release|Any CPU
	EndGlobalSection
	GlobalSection(ProjectConfigurationPlatforms) = postSolution
		{E9209BF5-25A5-48C7-8A15-41CEDE567397}.Debug|Any CPU.ActiveCfg = Debug|Any CPU
		{E9209BF5-25A5-48C7-8A15-41CEDE567397}.Debug|Any CPU.Build.0 = Debug|Any CPU
		{E9209BF5-25A5-48C7-8A15-41CEDE567397}.Release|Any CPU.ActiveCfg = Release|Any CPU
		{E9209BF5-25A5-48C7-8A15-41CEDE567397}.Release|Any CPU.Build.0 = Release|Any CPU
		{2C562ABB-0FCC-4ACA-B96D-67701261F253}.Debug|Any CPU.ActiveCfg = Debug|Any CPU
		{2C562ABB-0FCC-4ACA-B96D-67701261F253}.Debug|Any CPU.Build.0 = Debug|Any CPU
		{2C562ABB-0FCC-4ACA-B96D-67701261F253}.Release|Any CPU.ActiveCfg = Release|Any CPU
		{2C562ABB-0FCC-4ACA-B96D-67701261F253}.Release|Any CPU.Build.0 = Release|Any CPU
		{A469E953-E17F-4B35-867D-EB78C67D0E97}.Debug|Any CPU.ActiveCfg = Debug|Any CPU
		{A469E953-E17F-4B35-867D-EB78C67D0E97}.Debug|Any CPU.Build.0 = Debug|Any CPU
		{A469E953-E17F-4B35-867D-EB78C67D0E97}.Release|Any CPU.ActiveCfg = Release|Any CPU
		{A469E953-E17F-4B35-867D-EB78C67D0E97}.Release|Any CPU.Build.0 = Release|Any CPU
		{005A7C61-DFAC-4166-B31D-9AD815E15F0C}.Debug|Any CPU.ActiveCfg = Debug|Any CPU
		{005A7C61-DFAC-4166-B31D-9AD815E15F0C}.Debug|Any CPU.Build.0 = Debug|Any CPU
		{005A7C61-DFAC-4166-B31D-9AD815E15F0C}.Release|Any CPU.ActiveCfg = Release|Any CPU
		{005A7C61-DFAC-4166-B31D-9AD815E15F0C}.Release|Any CPU.Build.0 = Release|Any CPU
		{381EAC4E-295B-4D64-9B88-3F8F504DF4BF}.Debug|Any CPU.ActiveCfg = Debug|Any CPU
		{381EAC4E-295B-4D64-9B88-3F8F504DF4BF}.Debug|Any CPU.Build.0 = Debug|Any CPU
		{381EAC4E-295B-4D64-9B88-3F8F504DF4BF}.Release|Any CPU.ActiveCfg = Release|Any CPU
		{381EAC4E-295B-4D64-9B88-3F8F504DF4BF}.Release|Any CPU.Build.0 = Release|Any CPU
		{315B4270-B79F-4136-BE8C-7B452846EBCD}.Debug|Any CPU.ActiveCfg = Debug|Any CPU
		{315B4270-B79F-4136-BE8C-7B452846EBCD}.Debug|Any CPU.Build.0 = Debug|Any CPU
		{315B4270-B79F-4136-BE8C-7B452846EBCD}.Release|Any CPU.ActiveCfg = Release|Any CPU
		{315B4270-B79F-4136-BE8C-7B452846EBCD}.Release|Any CPU.Build.0 = Release|Any CPU
	EndGlobalSection
	GlobalSection(SolutionProperties) = preSolution
		HideSolutionNode = FALSE
	EndGlobalSection
EndGlobal
